
Microsoft Visual Studio Solution File, Format Version 12.00
# Visual Studio Version 16
VisualStudioVersion = 16.0.31129.286
MinimumVisualStudioVersion = 10.0.40219.1
Project("{2150E333-8FDC-42A3-9474-1A3956D46DE8}") = "Services", "Services", "{EC5B8778-A275-4486-BD9E-D32104C884D0}"
EndProject
Project("{2150E333-8FDC-42A3-9474-1A3956D46DE8}") = "Catalog", "Catalog", "{7690C635-9489-4F95-9741-9B0FA67AD9AD}"
EndProject
Project("{9A19103F-16F7-4668-BE54-9A1E7A4F7556}") = "Catalog.API", "Services\Catalog\Catalog.API\Catalog.API.csproj", "{3067E4A4-8E5D-42C2-B1D8-2C4EDC780B93}"
EndProject
Project("{E53339B2-1760-4266-BCC7-CA923CBCF16C}") = "docker-compose", "docker-compose.dcproj", "{D2DC617C-25D5-4514-9625-4C6C920988F2}"
EndProject
Global
	GlobalSection(SolutionConfigurationPlatforms) = preSolution
		Debug|Any CPU = Debug|Any CPU
		Release|Any CPU = Release|Any CPU
	EndGlobalSection
	GlobalSection(ProjectConfigurationPlatforms) = postSolution
		{3067E4A4-8E5D-42C2-B1D8-2C4EDC780B93}.Debug|Any CPU.ActiveCfg = Debug|Any CPU
		{3067E4A4-8E5D-42C2-B1D8-2C4EDC780B93}.Debug|Any CPU.Build.0 = Debug|Any CPU
		{3067E4A4-8E5D-42C2-B1D8-2C4EDC780B93}.Release|Any CPU.ActiveCfg = Release|Any CPU
		{3067E4A4-8E5D-42C2-B1D8-2C4EDC780B93}.Release|Any CPU.Build.0 = Release|Any CPU
		{D2DC617C-25D5-4514-9625-4C6C920988F2}.Debug|Any CPU.ActiveCfg = Debug|Any CPU
		{D2DC617C-25D5-4514-9625-4C6C920988F2}.Debug|Any CPU.Build.0 = Debug|Any CPU
		{D2DC617C-25D5-4514-9625-4C6C920988F2}.Release|Any CPU.ActiveCfg = Release|Any CPU
		{D2DC617C-25D5-4514-9625-4C6C920988F2}.Release|Any CPU.Build.0 = Release|Any CPU
	EndGlobalSection
	GlobalSection(SolutionProperties) = preSolution
		HideSolutionNode = FALSE
	EndGlobalSection
	GlobalSection(NestedProjects) = preSolution
		{7690C635-9489-4F95-9741-9B0FA67AD9AD} = {EC5B8778-A275-4486-BD9E-D32104C884D0}
		{3067E4A4-8E5D-42C2-B1D8-2C4EDC780B93} = {7690C635-9489-4F95-9741-9B0FA67AD9AD}
	EndGlobalSection
	GlobalSection(ExtensibilityGlobals) = postSolution
		SolutionGuid = {826DCF57-291F-42E6-850B-6367150CE5CD}
	EndGlobalSection
EndGlobal
